
Microsoft Visual Studio Solution File, Format Version 12.00
# Visual Studio Version 16
VisualStudioVersion = 16.0.30320.27
MinimumVisualStudioVersion = 10.0.40219.1
Project("{FAE04EC0-301F-11D3-BF4B-00C04F79EFBC}") = "ExceptionHandling", "ExceptionHandling\ExceptionHandling.csproj", "{3EEF617D-4D13-4DB7-8CCA-B04E4D03D5D3}"
EndProject
Global
	GlobalSection(SolutionConfigurationPlatforms) = preSolution
		Debug|Any CPU = Debug|Any CPU
		Release|Any CPU = Release|Any CPU
	EndGlobalSection
	GlobalSection(ProjectConfigurationPlatforms) = postSolution
		{3EEF617D-4D13-4DB7-8CCA-B04E4D03D5D3}.Debug|Any CPU.ActiveCfg = Debug|Any CPU
		{3EEF617D-4D13-4DB7-8CCA-B04E4D03D5D3}.Debug|Any CPU.Build.0 = Debug|Any CPU
		{3EEF617D-4D13-4DB7-8CCA-B04E4D03D5D3}.Release|Any CPU.ActiveCfg = Release|Any CPU
		{3EEF617D-4D13-4DB7-8CCA-B04E4D03D5D3}.Release|Any CPU.Build.0 = Release|Any CPU
	EndGlobalSection
	GlobalSection(SolutionProperties) = preSolution
		HideSolutionNode = FALSE
	EndGlobalSection
	GlobalSection(ExtensibilityGlobals) = postSolution
		SolutionGuid = {2489F47B-0965-45AF-A0E2-9EE8BA9F5D84}
	EndGlobalSection
EndGlobal
